// !$*UTF8*$!
{
	archiveVersion = 1;
	classes = {
	};
	objectVersion = 46;
	objects = {

/* Begin PBXBuildFile section */
		250D323C1E55E1DD00AA2C02 /* Toaster.framework in Frameworks */ = {isa = PBXBuildFile; fileRef = 250D32391E55E1D700AA2C02 /* Toaster.framework */; };
		250D323D1E55E1E000AA2C02 /* Toaster.framework in CopyFiles */ = {isa = PBXBuildFile; fileRef = 250D32391E55E1D700AA2C02 /* Toaster.framework */; settings = {ATTRIBUTES = (CodeSignOnCopy, RemoveHeadersOnCopy, ); }; };
		DBD360121E0BE0C900DDD7B3 /* AppDelegate.swift in Sources */ = {isa = PBXBuildFile; fileRef = DBD360111E0BE0C900DDD7B3 /* AppDelegate.swift */; };
		DBD360141E0BE0C900DDD7B3 /* ViewController.swift in Sources */ = {isa = PBXBuildFile; fileRef = DBD360131E0BE0C900DDD7B3 /* ViewController.swift */; };
		DBD360171E0BE0C900DDD7B3 /* Main.storyboard in Resources */ = {isa = PBXBuildFile; fileRef = DBD360151E0BE0C900DDD7B3 /* Main.storyboard */; };
		DBD360191E0BE0C900DDD7B3 /* Assets.xcassets in Resources */ = {isa = PBXBuildFile; fileRef = DBD360181E0BE0C900DDD7B3 /* Assets.xcassets */; };
		DBD3601C1E0BE0C900DDD7B3 /* LaunchScreen.storyboard in Resources */ = {isa = PBXBuildFile; fileRef = DBD3601A1E0BE0C900DDD7B3 /* LaunchScreen.storyboard */; };
		DBD3603B1E0C016A00DDD7B3 /* SwiftSocket.framework in Frameworks */ = {isa = PBXBuildFile; fileRef = DBD360341E0C015C00DDD7B3 /* SwiftSocket.framework */; };
		DBD3603C1E0C017300DDD7B3 /* SwiftSocket.framework in CopyFiles */ = {isa = PBXBuildFile; fileRef = DBD360341E0C015C00DDD7B3 /* SwiftSocket.framework */; settings = {ATTRIBUTES = (CodeSignOnCopy, RemoveHeadersOnCopy, ); }; };
/* End PBXBuildFile section */

/* Begin PBXContainerItemProxy section */
		250D32381E55E1D700AA2C02 /* PBXContainerItemProxy */ = {
			isa = PBXContainerItemProxy;
			containerPortal = 250D32331E55E1D700AA2C02 /* Toaster.xcodeproj */;
			proxyType = 2;
			remoteGlobalIDString = 03A75E2B1BCF2066002E46C4;
			remoteInfo = Toaster;
		};
		250D323A1E55E1D700AA2C02 /* PBXContainerItemProxy */ = {
			isa = PBXContainerItemProxy;
			containerPortal = 250D32331E55E1D700AA2C02 /* Toaster.xcodeproj */;
			proxyType = 2;
			remoteGlobalIDString = 03A75E4F1BCF20D4002E46C4;
			remoteInfo = ToasterDemo;
		};
		DBD360331E0C015C00DDD7B3 /* PBXContainerItemProxy */ = {
			isa = PBXContainerItemProxy;
			containerPortal = DBD3602C1E0C015B00DDD7B3 /* SwiftSocket.xcodeproj */;
			proxyType = 2;
			remoteGlobalIDString = 377DAA691DCDE40200009697;
			remoteInfo = "SwiftSocket iOS";
		};
		DBD360351E0C015C00DDD7B3 /* PBXContainerItemProxy */ = {
			isa = PBXContainerItemProxy;
			containerPortal = DBD3602C1E0C015B00DDD7B3 /* SwiftSocket.xcodeproj */;
			proxyType = 2;
			remoteGlobalIDString = 377DAA761DCDE45D00009697;
			remoteInfo = "SwiftSocket macOS";
		};
		DBD360371E0C015C00DDD7B3 /* PBXContainerItemProxy */ = {
			isa = PBXContainerItemProxy;
			containerPortal = DBD3602C1E0C015B00DDD7B3 /* SwiftSocket.xcodeproj */;
			proxyType = 2;
			remoteGlobalIDString = 37454ECA1E06158200800AE5;
			remoteInfo = "SwiftSocket tvOS";
		};
/* End PBXContainerItemProxy section */

/* Begin PBXCopyFilesBuildPhase section */
		DBD360251E0BE72C00DDD7B3 /* CopyFiles */ = {
			isa = PBXCopyFilesBuildPhase;
			buildActionMask = 2147483647;
			dstPath = "";
			dstSubfolderSpec = 10;
			files = (
				250D323D1E55E1E000AA2C02 /* Toaster.framework in CopyFiles */,
				DBD3603C1E0C017300DDD7B3 /* SwiftSocket.framework in CopyFiles */,
			);
			runOnlyForDeploymentPostprocessing = 0;
		};
/* End PBXCopyFilesBuildPhase section */

/* Begin PBXFileReference section */
		250D32331E55E1D700AA2C02 /* Toaster.xcodeproj */ = {isa = PBXFileReference; lastKnownFileType = "wrapper.pb-project"; name = Toaster.xcodeproj; path = "../../../Downloads/Toaster-master/Toaster.xcodeproj"; sourceTree = "<group>"; };
		DBD3600E1E0BE0C900DDD7B3 /* iOSRaspiControl.app */ = {isa = PBXFileReference; explicitFileType = wrapper.application; includeInIndex = 0; path = iOSRaspiControl.app; sourceTree = BUILT_PRODUCTS_DIR; };
		DBD360111E0BE0C900DDD7B3 /* AppDelegate.swift */ = {isa = PBXFileReference; lastKnownFileType = sourcecode.swift; path = AppDelegate.swift; sourceTree = "<group>"; };
		DBD360131E0BE0C900DDD7B3 /* ViewController.swift */ = {isa = PBXFileReference; lastKnownFileType = sourcecode.swift; path = ViewController.swift; sourceTree = "<group>"; };
		DBD360161E0BE0C900DDD7B3 /* Base */ = {isa = PBXFileReference; lastKnownFileType = file.storyboard; name = Base; path = Base.lproj/Main.storyboard; sourceTree = "<group>"; };
		DBD360181E0BE0C900DDD7B3 /* Assets.xcassets */ = {isa = PBXFileReference; lastKnownFileType = folder.assetcatalog; path = Assets.xcassets; sourceTree = "<group>"; };
		DBD3601B1E0BE0C900DDD7B3 /* Base */ = {isa = PBXFileReference; lastKnownFileType = file.storyboard; name = Base; path = Base.lproj/LaunchScreen.storyboard; sourceTree = "<group>"; };
		DBD3601D1E0BE0C900DDD7B3 /* Info.plist */ = {isa = PBXFileReference; lastKnownFileType = text.plist.xml; path = Info.plist; sourceTree = "<group>"; };
		DBD3602C1E0C015B00DDD7B3 /* SwiftSocket.xcodeproj */ = {isa = PBXFileReference; lastKnownFileType = "wrapper.pb-project"; name = SwiftSocket.xcodeproj; path = SwiftSocket/SwiftSocket.xcodeproj; sourceTree = "<group>"; };
/* End PBXFileReference section */

/* Begin PBXFrameworksBuildPhase section */
		DBD3600B1E0BE0C900DDD7B3 /* Frameworks */ = {
			isa = PBXFrameworksBuildPhase;
			buildActionMask = 2147483647;
			files = (
				250D323C1E55E1DD00AA2C02 /* Toaster.framework in Frameworks */,
				DBD3603B1E0C016A00DDD7B3 /* SwiftSocket.framework in Frameworks */,
			);
			runOnlyForDeploymentPostprocessing = 0;
		};
/* End PBXFrameworksBuildPhase section */

/* Begin PBXGroup section */
		250D32341E55E1D700AA2C02 /* Products */ = {
			isa = PBXGroup;
			children = (
				250D32391E55E1D700AA2C02 /* Toaster.framework */,
				250D323B1E55E1D700AA2C02 /* ToasterDemo.app */,
			);
			name = Products;
			sourceTree = "<group>";
		};
		DBD360051E0BE0C900DDD7B3 = {
			isa = PBXGroup;
			children = (
				250D32331E55E1D700AA2C02 /* Toaster.xcodeproj */,
				DBD3602C1E0C015B00DDD7B3 /* SwiftSocket.xcodeproj */,
				DBD360101E0BE0C900DDD7B3 /* iOSRaspiControl */,
				DBD3600F1E0BE0C900DDD7B3 /* Products */,
			);
			sourceTree = "<group>";
		};
		DBD3600F1E0BE0C900DDD7B3 /* Products */ = {
			isa = PBXGroup;
			children = (
				DBD3600E1E0BE0C900DDD7B3 /* iOSRaspiControl.app */,
			);
			name = Products;
			sourceTree = "<group>";
		};
		DBD360101E0BE0C900DDD7B3 /* iOSRaspiControl */ = {
			isa = PBXGroup;
			children = (
				DBD360111E0BE0C900DDD7B3 /* AppDelegate.swift */,
				DBD360131E0BE0C900DDD7B3 /* ViewController.swift */,
				DBD360151E0BE0C900DDD7B3 /* Main.storyboard */,
				DBD360181E0BE0C900DDD7B3 /* Assets.xcassets */,
				DBD3601A1E0BE0C900DDD7B3 /* LaunchScreen.storyboard */,
				DBD3601D1E0BE0C900DDD7B3 /* Info.plist */,
			);
			path = iOSRaspiControl;
			sourceTree = "<group>";
		};
		DBD3602D1E0C015B00DDD7B3 /* Products */ = {
			isa = PBXGroup;
			children = (
				DBD360341E0C015C00DDD7B3 /* SwiftSocket.framework */,
				DBD360361E0C015C00DDD7B3 /* SwiftSocket.framework */,
				DBD360381E0C015C00DDD7B3 /* SwiftSocket.framework */,
			);
			name = Products;
			sourceTree = "<group>";
		};
/* End PBXGroup section */

/* Begin PBXNativeTarget section */
		DBD3600D1E0BE0C900DDD7B3 /* iOSRaspiControl */ = {
			isa = PBXNativeTarget;
			buildConfigurationList = DBD360201E0BE0C900DDD7B3 /* Build configuration list for PBXNativeTarget "iOSRaspiControl" */;
			buildPhases = (
				DBD3600A1E0BE0C900DDD7B3 /* Sources */,
				DBD3600B1E0BE0C900DDD7B3 /* Frameworks */,
				DBD3600C1E0BE0C900DDD7B3 /* Resources */,
				DBD360251E0BE72C00DDD7B3 /* CopyFiles */,
			);
			buildRules = (
			);
			dependencies = (
			);
			name = iOSRaspiControl;
			productName = iOSRaspiControl;
			productReference = DBD3600E1E0BE0C900DDD7B3 /* iOSRaspiControl.app */;
			productType = "com.apple.product-type.application";
		};
/* End PBXNativeTarget section */

/* Begin PBXProject section */
		DBD360061E0BE0C900DDD7B3 /* Project object */ = {
			isa = PBXProject;
			attributes = {
				LastSwiftUpdateCheck = 0820;
				LastUpgradeCheck = 0820;
				ORGANIZATIONNAME = "Philipp Gabriel";
				TargetAttributes = {
					DBD3600D1E0BE0C900DDD7B3 = {
						CreatedOnToolsVersion = 8.2;
						DevelopmentTeam = Q5MZT8NG66;
						ProvisioningStyle = Automatic;
					};
				};
			};
			buildConfigurationList = DBD360091E0BE0C900DDD7B3 /* Build configuration list for PBXProject "iOSRaspiControl" */;
			compatibilityVersion = "Xcode 3.2";
			developmentRegion = English;
			hasScannedForEncodings = 0;
			knownRegions = (
				en,
				Base,
			);
			mainGroup = DBD360051E0BE0C900DDD7B3;
			productRefGroup = DBD3600F1E0BE0C900DDD7B3 /* Products */;
			projectDirPath = "";
			projectReferences = (
				{
					ProductGroup = DBD3602D1E0C015B00DDD7B3 /* Products */;
					ProjectRef = DBD3602C1E0C015B00DDD7B3 /* SwiftSocket.xcodeproj */;
				},
				{
					ProductGroup = 250D32341E55E1D700AA2C02 /* Products */;
					ProjectRef = 250D32331E55E1D700AA2C02 /* Toaster.xcodeproj */;
				},
			);
			projectRoot = "";
			targets = (
				DBD3600D1E0BE0C900DDD7B3 /* iOSRaspiControl */,
			);
		};
/* End PBXProject section */

/* Begin PBXReferenceProxy section */
		250D32391E55E1D700AA2C02 /* Toaster.framework */ = {
			isa = PBXReferenceProxy;
			fileType = wrapper.framework;
			path = Toaster.framework;
			remoteRef = 250D32381E55E1D700AA2C02 /* PBXContainerItemProxy */;
			sourceTree = BUILT_PRODUCTS_DIR;
		};
		250D323B1E55E1D700AA2C02 /* ToasterDemo.app */ = {
			isa = PBXReferenceProxy;
			fileType = wrapper.application;
			path = ToasterDemo.app;
			remoteRef = 250D323A1E55E1D700AA2C02 /* PBXContainerItemProxy */;
			sourceTree = BUILT_PRODUCTS_DIR;
		};
		DBD360341E0C015C00DDD7B3 /* SwiftSocket.framework */ = {
			isa = PBXReferenceProxy;
			fileType = wrapper.framework;
			path = SwiftSocket.framework;
			remoteRef = DBD360331E0C015C00DDD7B3 /* PBXContainerItemProxy */;
			sourceTree = BUILT_PRODUCTS_DIR;
		};
		DBD360361E0C015C00DDD7B3 /* SwiftSocket.framework */ = {
			isa = PBXReferenceProxy;
			fileType = wrapper.framework;
			path = SwiftSocket.framework;
			remoteRef = DBD360351E0C015C00DDD7B3 /* PBXContainerItemProxy */;
			sourceTree = BUILT_PRODUCTS_DIR;
		};
		DBD360381E0C015C00DDD7B3 /* SwiftSocket.framework */ = {
			isa = PBXReferenceProxy;
			fileType = wrapper.framework;
			path = SwiftSocket.framework;
			remoteRef = DBD360371E0C015C00DDD7B3 /* PBXContainerItemProxy */;
			sourceTree = BUILT_PRODUCTS_DIR;
		};
/* End PBXReferenceProxy section */

/* Begin PBXResourcesBuildPhase section */
		DBD3600C1E0BE0C900DDD7B3 /* Resources */ = {
			isa = PBXResourcesBuildPhase;
			buildActionMask = 2147483647;
			files = (
				DBD3601C1E0BE0C900DDD7B3 /* LaunchScreen.storyboard in Resources */,
				DBD360191E0BE0C900DDD7B3 /* Assets.xcassets in Resources */,
				DBD360171E0BE0C900DDD7B3 /* Main.storyboard in Resources */,
			);
			runOnlyForDeploymentPostprocessing = 0;
		};
/* End PBXResourcesBuildPhase section */

/* Begin PBXSourcesBuildPhase section */
		DBD3600A1E0BE0C900DDD7B3 /* Sources */ = {
			isa = PBXSourcesBuildPhase;
			buildActionMask = 2147483647;
			files = (
				DBD360141E0BE0C900DDD7B3 /* ViewController.swift in Sources */,
				DBD360121E0BE0C900DDD7B3 /* AppDelegate.swift in Sources */,
			);
			runOnlyForDeploymentPostprocessing = 0;
		};
/* End PBXSourcesBuildPhase section */

/* Begin PBXVariantGroup section */
		DBD360151E0BE0C900DDD7B3 /* Main.storyboard */ = {
			isa = PBXVariantGroup;
			children = (
				DBD360161E0BE0C900DDD7B3 /* Base */,
			);
			name = Main.storyboard;
			sourceTree = "<group>";
		};
		DBD3601A1E0BE0C900DDD7B3 /* LaunchScreen.storyboard */ = {
			isa = PBXVariantGroup;
			children = (
				DBD3601B1E0BE0C900DDD7B3 /* Base */,
			);
			name = LaunchScreen.storyboard;
			sourceTree = "<group>";
		};
/* End PBXVariantGroup section */

/* Begin XCBuildConfiguration section */
		DBD3601E1E0BE0C900DDD7B3 /* Debug */ = {
			isa = XCBuildConfiguration;
			buildSettings = {
				ALWAYS_SEARCH_USER_PATHS = NO;
				CLANG_ANALYZER_NONNULL = YES;
				CLANG_CXX_LANGUAGE_STANDARD = "gnu++0x";
				CLANG_CXX_LIBRARY = "libc++";
				CLANG_ENABLE_MODULES = YES;
				CLANG_ENABLE_OBJC_ARC = YES;
				CLANG_WARN_BOOL_CONVERSION = YES;
				CLANG_WARN_CONSTANT_CONVERSION = YES;
				CLANG_WARN_DIRECT_OBJC_ISA_USAGE = YES_ERROR;
				CLANG_WARN_DOCUMENTATION_COMMENTS = YES;
				CLANG_WARN_EMPTY_BODY = YES;
				CLANG_WARN_ENUM_CONVERSION = YES;
				CLANG_WARN_INFINITE_RECURSION = YES;
				CLANG_WARN_INT_CONVERSION = YES;
				CLANG_WARN_OBJC_ROOT_CLASS = YES_ERROR;
				CLANG_WARN_SUSPICIOUS_MOVE = YES;
				CLANG_WARN_UNREACHABLE_CODE = YES;
				CLANG_WARN__DUPLICATE_METHOD_MATCH = YES;
				"CODE_SIGN_IDENTITY[sdk=iphoneos*]" = "iPhone Developer";
				COPY_PHASE_STRIP = NO;
				DEBUG_INFORMATION_FORMAT = dwarf;
				ENABLE_STRICT_OBJC_MSGSEND = YES;
				ENABLE_TESTABILITY = YES;
				GCC_C_LANGUAGE_STANDARD = gnu99;
				GCC_DYNAMIC_NO_PIC = NO;
				GCC_NO_COMMON_BLOCKS = YES;
				GCC_OPTIMIZATION_LEVEL = 0;
				GCC_PREPROCESSOR_DEFINITIONS = (
					"DEBUG=1",
					"$(inherited)",
				);
				GCC_WARN_64_TO_32_BIT_CONVERSION = YES;
				GCC_WARN_ABOUT_RETURN_TYPE = YES_ERROR;
				GCC_WARN_UNDECLARED_SELECTOR = YES;
				GCC_WARN_UNINITIALIZED_AUTOS = YES_AGGRESSIVE;
				GCC_WARN_UNUSED_FUNCTION = YES;
				GCC_WARN_UNUSED_VARIABLE = YES;
				IPHONEOS_DEPLOYMENT_TARGET = 10.2;
				MTL_ENABLE_DEBUG_INFO = YES;
				ONLY_ACTIVE_ARCH = YES;
				SDKROOT = iphoneos;
				SWIFT_ACTIVE_COMPILATION_CONDITIONS = DEBUG;
				SWIFT_OPTIMIZATION_LEVEL = "-Onone";
			};
			name = Debug;
		};
		DBD3601F1E0BE0C900DDD7B3 /* Release */ = {
			isa = XCBuildConfiguration;
			buildSettings = {
				ALWAYS_SEARCH_USER_PATHS = NO;
				CLANG_ANALYZER_NONNULL = YES;
				CLANG_CXX_LANGUAGE_STANDARD = "gnu++0x";
				CLANG_CXX_LIBRARY = "libc++";
				CLANG_ENABLE_MODULES = YES;
				CLANG_ENABLE_OBJC_ARC = YES;
				CLANG_WARN_BOOL_CONVERSION = YES;
				CLANG_WARN_CONSTANT_CONVERSION = YES;
				CLANG_WARN_DIRECT_OBJC_ISA_USAGE = YES_ERROR;
				CLANG_WARN_DOCUMENTATION_COMMENTS = YES;
				CLANG_WARN_EMPTY_BODY = YES;
				CLANG_WARN_ENUM_CONVERSION = YES;
				CLANG_WARN_INFINITE_RECURSION = YES;
				CLANG_WARN_INT_CONVERSION = YES;
				CLANG_WARN_OBJC_ROOT_CLASS = YES_ERROR;
				CLANG_WARN_SUSPICIOUS_MOVE = YES;
				CLANG_WARN_UNREACHABLE_CODE = YES;
				CLANG_WARN__DUPLICATE_METHOD_MATCH = YES;
				"CODE_SIGN_IDENTITY[sdk=iphoneos*]" = "iPhone Developer";
				COPY_PHASE_STRIP = NO;
				DEBUG_INFORMATION_FORMAT = "dwarf-with-dsym";
				ENABLE_NS_ASSERTIONS = NO;
				ENABLE_STRICT_OBJC_MSGSEND = YES;
				GCC_C_LANGUAGE_STANDARD = gnu99;
				GCC_NO_COMMON_BLOCKS = YES;
				GCC_WARN_64_TO_32_BIT_CONVERSION = YES;
				GCC_WARN_ABOUT_RETURN_TYPE = YES_ERROR;
				GCC_WARN_UNDECLARED_SELECTOR = YES;
				GCC_WARN_UNINITIALIZED_AUTOS = YES_AGGRESSIVE;
				GCC_WARN_UNUSED_FUNCTION = YES;
				GCC_WARN_UNUSED_VARIABLE = YES;
				IPHONEOS_DEPLOYMENT_TARGET = 10.2;
				MTL_ENABLE_DEBUG_INFO = NO;
				SDKROOT = iphoneos;
				SWIFT_OPTIMIZATION_LEVEL = "-Owholemodule";
				VALIDATE_PRODUCT = YES;
			};
			name = Release;
		};
		DBD360211E0BE0C900DDD7B3 /* Debug */ = {
			isa = XCBuildConfiguration;
			buildSettings = {
				ASSETCATALOG_COMPILER_APPICON_NAME = AppIcon;
				DEVELOPMENT_TEAM = Q5MZT8NG66;
				FRAMEWORK_SEARCH_PATHS = (
					"$(inherited)",
					"$(PROJECT_DIR)/Carthage/Build/iOS",
					"$(PROJECT_DIR)",
				);
				INFOPLIST_FILE = iOSRaspiControl/Info.plist;
				LD_RUNPATH_SEARCH_PATHS = "$(inherited) @executable_path/Frameworks";
				PRODUCT_BUNDLE_IDENTIFIER = xyz.gabriel.iOSRaspiControl;
				PRODUCT_NAME = "$(TARGET_NAME)";
				SWIFT_VERSION = 3.0;
			};
			name = Debug;
		};
		DBD360221E0BE0C900DDD7B3 /* Release */ = {
			isa = XCBuildConfiguration;
			buildSettings = {
				ASSETCATALOG_COMPILER_APPICON_NAME = AppIcon;
				DEVELOPMENT_TEAM = Q5MZT8NG66;
				FRAMEWORK_SEARCH_PATHS = (
					"$(inherited)",
					"$(PROJECT_DIR)/Carthage/Build/iOS",
					"$(PROJECT_DIR)",
				);
				INFOPLIST_FILE = iOSRaspiControl/Info.plist;
				LD_RUNPATH_SEARCH_PATHS = "$(inherited) @executable_path/Frameworks";
				PRODUCT_BUNDLE_IDENTIFIER = xyz.gabriel.iOSRaspiControl;
				PRODUCT_NAME = "$(TARGET_NAME)";
				SWIFT_VERSION = 3.0;
			};
			name = Release;
		};
/* End XCBuildConfiguration section */

/* Begin XCConfigurationList section */
		DBD360091E0BE0C900DDD7B3 /* Build configuration list for PBXProject "iOSRaspiControl" */ = {
			isa = XCConfigurationList;
			buildConfigurations = (
				DBD3601E1E0BE0C900DDD7B3 /* Debug */,
				DBD3601F1E0BE0C900DDD7B3 /* Release */,
			);
			defaultConfigurationIsVisible = 0;
			defaultConfigurationName = Release;
		};
		DBD360201E0BE0C900DDD7B3 /* Build configuration list for PBXNativeTarget "iOSRaspiControl" */ = {
			isa = XCConfigurationList;
			buildConfigurations = (
				DBD360211E0BE0C900DDD7B3 /* Debug */,
				DBD360221E0BE0C900DDD7B3 /* Release */,
			);
			defaultConfigurationIsVisible = 0;
			defaultConfigurationName = Release;
		};
/* End XCConfigurationList section */
	};
	rootObject = DBD360061E0BE0C900DDD7B3 /* Project object */;
}
